
Microsoft Visual Studio Solution File, Format Version 12.00
# Visual Studio Version 16
VisualStudioVersion = 16.0.31112.23
MinimumVisualStudioVersion = 10.0.40219.1
Project("{8BC9CEB8-8B4A-11D0-8D11-00A0C91BC942}") = "OpenCV_ImageProcessing", "OpenCV_ImageProcessing\OpenCV_ImageProcessing.vcxproj", "{A639D392-2E36-49FB-8001-6E81923C0A29}"
EndProject
Global
	GlobalSection(SolutionConfigurationPlatforms) = preSolution
		Debug|x64 = Debug|x64
		Debug|x86 = Debug|x86
		Release|x64 = Release|x64
		Release|x86 = Release|x86
	EndGlobalSection
	GlobalSection(ProjectConfigurationPlatforms) = postSolution
		{A639D392-2E36-49FB-8001-6E81923C0A29}.Debug|x64.ActiveCfg = Debug|x64
		{A639D392-2E36-49FB-8001-6E81923C0A29}.Debug|x64.Build.0 = Debug|x64
		{A639D392-2E36-49FB-8001-6E81923C0A29}.Debug|x86.ActiveCfg = Debug|Win32
		{A639D392-2E36-49FB-8001-6E81923C0A29}.Debug|x86.Build.0 = Debug|Win32
		{A639D392-2E36-49FB-8001-6E81923C0A29}.Release|x64.ActiveCfg = Release|x64
		{A639D392-2E36-49FB-8001-6E81923C0A29}.Release|x64.Build.0 = Release|x64
		{A639D392-2E36-49FB-8001-6E81923C0A29}.Release|x86.ActiveCfg = Release|Win32
		{A639D392-2E36-49FB-8001-6E81923C0A29}.Release|x86.Build.0 = Release|Win32
	EndGlobalSection
	GlobalSection(SolutionProperties) = preSolution
		HideSolutionNode = FALSE
	EndGlobalSection
	GlobalSection(ExtensibilityGlobals) = postSolution
		SolutionGuid = {552138D5-C311-4F0F-9B3F-32E547174A99}
	EndGlobalSection
EndGlobal
